// !$*UTF8*$!
{
	archiveVersion = 1;
	classes = {
	};
	objectVersion = 46;
	objects = {

/* Begin PBXBuildFile section */
		89B3FE2B1BDFF05E005CA5FA /* AppDelegate.swift in Sources */ = {isa = PBXBuildFile; fileRef = 89B3FE2A1BDFF05E005CA5FA /* AppDelegate.swift */; };
		89B3FE2D1BDFF05E005CA5FA /* ViewController.swift in Sources */ = {isa = PBXBuildFile; fileRef = 89B3FE2C1BDFF05E005CA5FA /* ViewController.swift */; };
		89B3FE301BDFF05E005CA5FA /* Main.storyboard in Resources */ = {isa = PBXBuildFile; fileRef = 89B3FE2E1BDFF05E005CA5FA /* Main.storyboard */; };
		89B3FE321BDFF05E005CA5FA /* Assets.xcassets in Resources */ = {isa = PBXBuildFile; fileRef = 89B3FE311BDFF05E005CA5FA /* Assets.xcassets */; };
		89B3FE351BDFF05E005CA5FA /* LaunchScreen.storyboard in Resources */ = {isa = PBXBuildFile; fileRef = 89B3FE331BDFF05E005CA5FA /* LaunchScreen.storyboard */; };
		89B3FE401BDFF05F005CA5FA /* Prueba1Tests.swift in Sources */ = {isa = PBXBuildFile; fileRef = 89B3FE3F1BDFF05F005CA5FA /* Prueba1Tests.swift */; };
		89B3FE4B1BDFF05F005CA5FA /* Prueba1UITests.swift in Sources */ = {isa = PBXBuildFile; fileRef = 89B3FE4A1BDFF05F005CA5FA /* Prueba1UITests.swift */; };
/* End PBXBuildFile section */

/* Begin PBXContainerItemProxy section */
		89B3FE3C1BDFF05F005CA5FA /* PBXContainerItemProxy */ = {
			isa = PBXContainerItemProxy;
			containerPortal = 89B3FE1F1BDFF05E005CA5FA /* Project object */;
			proxyType = 1;
			remoteGlobalIDString = 89B3FE261BDFF05E005CA5FA;
			remoteInfo = Prueba1;
		};
		89B3FE471BDFF05F005CA5FA /* PBXContainerItemProxy */ = {
			isa = PBXContainerItemProxy;
			containerPortal = 89B3FE1F1BDFF05E005CA5FA /* Project object */;
			proxyType = 1;
			remoteGlobalIDString = 89B3FE261BDFF05E005CA5FA;
			remoteInfo = Prueba1;
		};
/* End PBXContainerItemProxy section */

/* Begin PBXFileReference section */
		89B3FE271BDFF05E005CA5FA /* Prueba1.app */ = {isa = PBXFileReference; explicitFileType = wrapper.application; includeInIndex = 0; path = Prueba1.app; sourceTree = BUILT_PRODUCTS_DIR; };
		89B3FE2A1BDFF05E005CA5FA /* AppDelegate.swift */ = {isa = PBXFileReference; lastKnownFileType = sourcecode.swift; path = AppDelegate.swift; sourceTree = "<group>"; };
		89B3FE2C1BDFF05E005CA5FA /* ViewController.swift */ = {isa = PBXFileReference; lastKnownFileType = sourcecode.swift; path = ViewController.swift; sourceTree = "<group>"; };
		89B3FE2F1BDFF05E005CA5FA /* Base */ = {isa = PBXFileReference; lastKnownFileType = file.storyboard; name = Base; path = Base.lproj/Main.storyboard; sourceTree = "<group>"; };
		89B3FE311BDFF05E005CA5FA /* Assets.xcassets */ = {isa = PBXFileReference; lastKnownFileType = folder.assetcatalog; path = Assets.xcassets; sourceTree = "<group>"; };
		89B3FE341BDFF05E005CA5FA /* Base */ = {isa = PBXFileReference; lastKnownFileType = file.storyboard; name = Base; path = Base.lproj/LaunchScreen.storyboard; sourceTree = "<group>"; };
		89B3FE361BDFF05E005CA5FA /* Info.plist */ = {isa = PBXFileReference; lastKnownFileType = text.plist.xml; path = Info.plist; sourceTree = "<group>"; };
		89B3FE3B1BDFF05F005CA5FA /* Prueba1Tests.xctest */ = {isa = PBXFileReference; explicitFileType = wrapper.cfbundle; includeInIndex = 0; path = Prueba1Tests.xctest; sourceTree = BUILT_PRODUCTS_DIR; };
		89B3FE3F1BDFF05F005CA5FA /* Prueba1Tests.swift */ = {isa = PBXFileReference; lastKnownFileType = sourcecode.swift; path = Prueba1Tests.swift; sourceTree = "<group>"; };
		89B3FE411BDFF05F005CA5FA /* Info.plist */ = {isa = PBXFileReference; lastKnownFileType = text.plist.xml; path = Info.plist; sourceTree = "<group>"; };
		89B3FE461BDFF05F005CA5FA /* Prueba1UITests.xctest */ = {isa = PBXFileReference; explicitFileType = wrapper.cfbundle; includeInIndex = 0; path = Prueba1UITests.xctest; sourceTree = BUILT_PRODUCTS_DIR; };
		89B3FE4A1BDFF05F005CA5FA /* Prueba1UITests.swift */ = {isa = PBXFileReference; lastKnownFileType = sourcecode.swift; path = Prueba1UITests.swift; sourceTree = "<group>"; };
		89B3FE4C1BDFF05F005CA5FA /* Info.plist */ = {isa = PBXFileReference; lastKnownFileType = text.plist.xml; path = Info.plist; sourceTree = "<group>"; };
/* End PBXFileReference section */

/* Begin PBXFrameworksBuildPhase section */
		89B3FE241BDFF05E005CA5FA /* Frameworks */ = {
			isa = PBXFrameworksBuildPhase;
			buildActionMask = 2147483647;
			files = (
			);
			runOnlyForDeploymentPostprocessing = 0;
		};
		89B3FE381BDFF05F005CA5FA /* Frameworks */ = {
			isa = PBXFrameworksBuildPhase;
			buildActionMask = 2147483647;
			files = (
			);
			runOnlyForDeploymentPostprocessing = 0;
		};
		89B3FE431BDFF05F005CA5FA /* Frameworks */ = {
			isa = PBXFrameworksBuildPhase;
			buildActionMask = 2147483647;
			files = (
			);
			runOnlyForDeploymentPostprocessing = 0;
		};
/* End PBXFrameworksBuildPhase section */

/* Begin PBXGroup section */
		89B3FE1E1BDFF05E005CA5FA = {
			isa = PBXGroup;
			children = (
				89B3FE291BDFF05E005CA5FA /* Prueba1 */,
				89B3FE3E1BDFF05F005CA5FA /* Prueba1Tests */,
				89B3FE491BDFF05F005CA5FA /* Prueba1UITests */,
				89B3FE281BDFF05E005CA5FA /* Products */,
			);
			sourceTree = "<group>";
		};
		89B3FE281BDFF05E005CA5FA /* Products */ = {
			isa = PBXGroup;
			children = (
				89B3FE271BDFF05E005CA5FA /* Prueba1.app */,
				89B3FE3B1BDFF05F005CA5FA /* Prueba1Tests.xctest */,
				89B3FE461BDFF05F005CA5FA /* Prueba1UITests.xctest */,
			);
			name = Products;
			sourceTree = "<group>";
		};
		89B3FE291BDFF05E005CA5FA /* Prueba1 */ = {
			isa = PBXGroup;
			children = (
				89B3FE2A1BDFF05E005CA5FA /* AppDelegate.swift */,
				89B3FE2C1BDFF05E005CA5FA /* ViewController.swift */,
				89B3FE2E1BDFF05E005CA5FA /* Main.storyboard */,
				89B3FE311BDFF05E005CA5FA /* Assets.xcassets */,
				89B3FE331BDFF05E005CA5FA /* LaunchScreen.storyboard */,
				89B3FE361BDFF05E005CA5FA /* Info.plist */,
			);
			path = Prueba1;
			sourceTree = "<group>";
		};
		89B3FE3E1BDFF05F005CA5FA /* Prueba1Tests */ = {
			isa = PBXGroup;
			children = (
				89B3FE3F1BDFF05F005CA5FA /* Prueba1Tests.swift */,
				89B3FE411BDFF05F005CA5FA /* Info.plist */,
			);
			path = Prueba1Tests;
			sourceTree = "<group>";
		};
		89B3FE491BDFF05F005CA5FA /* Prueba1UITests */ = {
			isa = PBXGroup;
			children = (
				89B3FE4A1BDFF05F005CA5FA /* Prueba1UITests.swift */,
				89B3FE4C1BDFF05F005CA5FA /* Info.plist */,
			);
			path = Prueba1UITests;
			sourceTree = "<group>";
		};
/* End PBXGroup section */

/* Begin PBXNativeTarget section */
		89B3FE261BDFF05E005CA5FA /* Prueba1 */ = {
			isa = PBXNativeTarget;
			buildConfigurationList = 89B3FE4F1BDFF05F005CA5FA /* Build configuration list for PBXNativeTarget "Prueba1" */;
			buildPhases = (
				89B3FE231BDFF05E005CA5FA /* Sources */,
				89B3FE241BDFF05E005CA5FA /* Frameworks */,
				89B3FE251BDFF05E005CA5FA /* Resources */,
			);
			buildRules = (
			);
			dependencies = (
			);
			name = Prueba1;
			productName = Prueba1;
			productReference = 89B3FE271BDFF05E005CA5FA /* Prueba1.app */;
			productType = "com.apple.product-type.application";
		};
		89B3FE3A1BDFF05F005CA5FA /* Prueba1Tests */ = {
			isa = PBXNativeTarget;
			buildConfigurationList = 89B3FE521BDFF05F005CA5FA /* Build configuration list for PBXNativeTarget "Prueba1Tests" */;
			buildPhases = (
				89B3FE371BDFF05F005CA5FA /* Sources */,
				89B3FE381BDFF05F005CA5FA /* Frameworks */,
				89B3FE391BDFF05F005CA5FA /* Resources */,
			);
			buildRules = (
			);
			dependencies = (
				89B3FE3D1BDFF05F005CA5FA /* PBXTargetDependency */,
			);
			name = Prueba1Tests;
			productName = Prueba1Tests;
			productReference = 89B3FE3B1BDFF05F005CA5FA /* Prueba1Tests.xctest */;
			productType = "com.apple.product-type.bundle.unit-test";
		};
		89B3FE451BDFF05F005CA5FA /* Prueba1UITests */ = {
			isa = PBXNativeTarget;
			buildConfigurationList = 89B3FE551BDFF05F005CA5FA /* Build configuration list for PBXNativeTarget "Prueba1UITests" */;
			buildPhases = (
				89B3FE421BDFF05F005CA5FA /* Sources */,
				89B3FE431BDFF05F005CA5FA /* Frameworks */,
				89B3FE441BDFF05F005CA5FA /* Resources */,
			);
			buildRules = (
			);
			dependencies = (
				89B3FE481BDFF05F005CA5FA /* PBXTargetDependency */,
			);
			name = Prueba1UITests;
			productName = Prueba1UITests;
			productReference = 89B3FE461BDFF05F005CA5FA /* Prueba1UITests.xctest */;
			productType = "com.apple.product-type.bundle.ui-testing";
		};
/* End PBXNativeTarget section */

/* Begin PBXProject section */
		89B3FE1F1BDFF05E005CA5FA /* Project object */ = {
			isa = PBXProject;
			attributes = {
				LastUpgradeCheck = 0700;
				ORGANIZATIONNAME = "José Enrique Atiénzar Ibáñez";
				TargetAttributes = {
					89B3FE261BDFF05E005CA5FA = {
						CreatedOnToolsVersion = 7.0.1;
					};
					89B3FE3A1BDFF05F005CA5FA = {
						CreatedOnToolsVersion = 7.0.1;
						TestTargetID = 89B3FE261BDFF05E005CA5FA;
					};
					89B3FE451BDFF05F005CA5FA = {
						CreatedOnToolsVersion = 7.0.1;
						TestTargetID = 89B3FE261BDFF05E005CA5FA;
					};
				};
			};
			buildConfigurationList = 89B3FE221BDFF05E005CA5FA /* Build configuration list for PBXProject "Prueba1" */;
			compatibilityVersion = "Xcode 3.2";
			developmentRegion = English;
			hasScannedForEncodings = 0;
			knownRegions = (
				en,
				Base,
			);
			mainGroup = 89B3FE1E1BDFF05E005CA5FA;
			productRefGroup = 89B3FE281BDFF05E005CA5FA /* Products */;
			projectDirPath = "";
			projectRoot = "";
			targets = (
				89B3FE261BDFF05E005CA5FA /* Prueba1 */,
				89B3FE3A1BDFF05F005CA5FA /* Prueba1Tests */,
				89B3FE451BDFF05F005CA5FA /* Prueba1UITests */,
			);
		};
/* End PBXProject section */

/* Begin PBXResourcesBuildPhase section */
		89B3FE251BDFF05E005CA5FA /* Resources */ = {
			isa = PBXResourcesBuildPhase;
			buildActionMask = 2147483647;
			files = (
				89B3FE351BDFF05E005CA5FA /* LaunchScreen.storyboard in Resources */,
				89B3FE321BDFF05E005CA5FA /* Assets.xcassets in Resources */,
				89B3FE301BDFF05E005CA5FA /* Main.storyboard in Resources */,
			);
			runOnlyForDeploymentPostprocessing = 0;
		};
		89B3FE391BDFF05F005CA5FA /* Resources */ = {
			isa = PBXResourcesBuildPhase;
			buildActionMask = 2147483647;
			files = (
			);
			runOnlyForDeploymentPostprocessing = 0;
		};
		89B3FE441BDFF05F005CA5FA /* Resources */ = {
			isa = PBXResourcesBuildPhase;
			buildActionMask = 2147483647;
			files = (
			);
			runOnlyForDeploymentPostprocessing = 0;
		};
/* End PBXResourcesBuildPhase section */

/* Begin PBXSourcesBuildPhase section */
		89B3FE231BDFF05E005CA5FA /* Sources */ = {
			isa = PBXSourcesBuildPhase;
			buildActionMask = 2147483647;
			files = (
				89B3FE2D1BDFF05E005CA5FA /* ViewController.swift in Sources */,
				89B3FE2B1BDFF05E005CA5FA /* AppDelegate.swift in Sources */,
			);
			runOnlyForDeploymentPostprocessing = 0;
		};
		89B3FE371BDFF05F005CA5FA /* Sources */ = {
			isa = PBXSourcesBuildPhase;
			buildActionMask = 2147483647;
			files = (
				89B3FE401BDFF05F005CA5FA /* Prueba1Tests.swift in Sources */,
			);
			runOnlyForDeploymentPostprocessing = 0;
		};
		89B3FE421BDFF05F005CA5FA /* Sources */ = {
			isa = PBXSourcesBuildPhase;
			buildActionMask = 2147483647;
			files = (
				89B3FE4B1BDFF05F005CA5FA /* Prueba1UITests.swift in Sources */,
			);
			runOnlyForDeploymentPostprocessing = 0;
		};
/* End PBXSourcesBuildPhase section */

/* Begin PBXTargetDependency section */
		89B3FE3D1BDFF05F005CA5FA /* PBXTargetDependency */ = {
			isa = PBXTargetDependency;
			target = 89B3FE261BDFF05E005CA5FA /* Prueba1 */;
			targetProxy = 89B3FE3C1BDFF05F005CA5FA /* PBXContainerItemProxy */;
		};
		89B3FE481BDFF05F005CA5FA /* PBXTargetDependency */ = {
			isa = PBXTargetDependency;
			target = 89B3FE261BDFF05E005CA5FA /* Prueba1 */;
			targetProxy = 89B3FE471BDFF05F005CA5FA /* PBXContainerItemProxy */;
		};
/* End PBXTargetDependency section */

/* Begin PBXVariantGroup section */
		89B3FE2E1BDFF05E005CA5FA /* Main.storyboard */ = {
			isa = PBXVariantGroup;
			children = (
				89B3FE2F1BDFF05E005CA5FA /* Base */,
			);
			name = Main.storyboard;
			sourceTree = "<group>";
		};
		89B3FE331BDFF05E005CA5FA /* LaunchScreen.storyboard */ = {
			isa = PBXVariantGroup;
			children = (
				89B3FE341BDFF05E005CA5FA /* Base */,
			);
			name = LaunchScreen.storyboard;
			sourceTree = "<group>";
		};
/* End PBXVariantGroup section */

/* Begin XCBuildConfiguration section */
		89B3FE4D1BDFF05F005CA5FA /* Debug */ = {
			isa = XCBuildConfiguration;
			buildSettings = {
				ALWAYS_SEARCH_USER_PATHS = NO;
				CLANG_CXX_LANGUAGE_STANDARD = "gnu++0x";
				CLANG_CXX_LIBRARY = "libc++";
				CLANG_ENABLE_MODULES = YES;
				CLANG_ENABLE_OBJC_ARC = YES;
				CLANG_WARN_BOOL_CONVERSION = YES;
				CLANG_WARN_CONSTANT_CONVERSION = YES;
				CLANG_WARN_DIRECT_OBJC_ISA_USAGE = YES_ERROR;
				CLANG_WARN_EMPTY_BODY = YES;
				CLANG_WARN_ENUM_CONVERSION = YES;
				CLANG_WARN_INT_CONVERSION = YES;
				CLANG_WARN_OBJC_ROOT_CLASS = YES_ERROR;
				CLANG_WARN_UNREACHABLE_CODE = YES;
				CLANG_WARN__DUPLICATE_METHOD_MATCH = YES;
				"CODE_SIGN_IDENTITY[sdk=iphoneos*]" = "iPhone Developer";
				COPY_PHASE_STRIP = NO;
				DEBUG_INFORMATION_FORMAT = dwarf;
				ENABLE_STRICT_OBJC_MSGSEND = YES;
				ENABLE_TESTABILITY = YES;
				GCC_C_LANGUAGE_STANDARD = gnu99;
				GCC_DYNAMIC_NO_PIC = NO;
				GCC_NO_COMMON_BLOCKS = YES;
				GCC_OPTIMIZATION_LEVEL = 0;
				GCC_PREPROCESSOR_DEFINITIONS = (
					"DEBUG=1",
					"$(inherited)",
				);
				GCC_WARN_64_TO_32_BIT_CONVERSION = YES;
				GCC_WARN_ABOUT_RETURN_TYPE = YES_ERROR;
				GCC_WARN_UNDECLARED_SELECTOR = YES;
				GCC_WARN_UNINITIALIZED_AUTOS = YES_AGGRESSIVE;
				GCC_WARN_UNUSED_FUNCTION = YES;
				GCC_WARN_UNUSED_VARIABLE = YES;
				IPHONEOS_DEPLOYMENT_TARGET = 9.0;
				MTL_ENABLE_DEBUG_INFO = YES;
				ONLY_ACTIVE_ARCH = YES;
				SDKROOT = iphoneos;
				SWIFT_OPTIMIZATION_LEVEL = "-Onone";
				TARGETED_DEVICE_FAMILY = "1,2";
			};
			name = Debug;
		};
		89B3FE4E1BDFF05F005CA5FA /* Release */ = {
			isa = XCBuildConfiguration;
			buildSettings = {
				ALWAYS_SEARCH_USER_PATHS = NO;
				CLANG_CXX_LANGUAGE_STANDARD = "gnu++0x";
				CLANG_CXX_LIBRARY = "libc++";
				CLANG_ENABLE_MODULES = YES;
				CLANG_ENABLE_OBJC_ARC = YES;
				CLANG_WARN_BOOL_CONVERSION = YES;
				CLANG_WARN_CONSTANT_CONVERSION = YES;
				CLANG_WARN_DIRECT_OBJC_ISA_USAGE = YES_ERROR;
				CLANG_WARN_EMPTY_BODY = YES;
				CLANG_WARN_ENUM_CONVERSION = YES;
				CLANG_WARN_INT_CONVERSION = YES;
				CLANG_WARN_OBJC_ROOT_CLASS = YES_ERROR;
				CLANG_WARN_UNREACHABLE_CODE = YES;
				CLANG_WARN__DUPLICATE_METHOD_MATCH = YES;
				"CODE_SIGN_IDENTITY[sdk=iphoneos*]" = "iPhone Developer";
				COPY_PHASE_STRIP = NO;
				DEBUG_INFORMATION_FORMAT = "dwarf-with-dsym";
				ENABLE_NS_ASSERTIONS = NO;
				ENABLE_STRICT_OBJC_MSGSEND = YES;
				GCC_C_LANGUAGE_STANDARD = gnu99;
				GCC_NO_COMMON_BLOCKS = YES;
				GCC_WARN_64_TO_32_BIT_CONVERSION = YES;
				GCC_WARN_ABOUT_RETURN_TYPE = YES_ERROR;
				GCC_WARN_UNDECLARED_SELECTOR = YES;
				GCC_WARN_UNINITIALIZED_AUTOS = YES_AGGRESSIVE;
				GCC_WARN_UNUSED_FUNCTION = YES;
				GCC_WARN_UNUSED_VARIABLE = YES;
				IPHONEOS_DEPLOYMENT_TARGET = 9.0;
				MTL_ENABLE_DEBUG_INFO = NO;
				SDKROOT = iphoneos;
				TARGETED_DEVICE_FAMILY = "1,2";
				VALIDATE_PRODUCT = YES;
			};
			name = Release;
		};
		89B3FE501BDFF05F005CA5FA /* Debug */ = {
			isa = XCBuildConfiguration;
			buildSettings = {
				ASSETCATALOG_COMPILER_APPICON_NAME = AppIcon;
				INFOPLIST_FILE = Prueba1/Info.plist;
				LD_RUNPATH_SEARCH_PATHS = "$(inherited) @executable_path/Frameworks";
				PRODUCT_BUNDLE_IDENTIFIER = jeatienzar.Prueba1;
				PRODUCT_NAME = "$(TARGET_NAME)";
			};
			name = Debug;
		};
		89B3FE511BDFF05F005CA5FA /* Release */ = {
			isa = XCBuildConfiguration;
			buildSettings = {
				ASSETCATALOG_COMPILER_APPICON_NAME = AppIcon;
				INFOPLIST_FILE = Prueba1/Info.plist;
				LD_RUNPATH_SEARCH_PATHS = "$(inherited) @executable_path/Frameworks";
				PRODUCT_BUNDLE_IDENTIFIER = jeatienzar.Prueba1;
				PRODUCT_NAME = "$(TARGET_NAME)";
			};
			name = Release;
		};
		89B3FE531BDFF05F005CA5FA /* Debug */ = {
			isa = XCBuildConfiguration;
			buildSettings = {
				BUNDLE_LOADER = "$(TEST_HOST)";
				INFOPLIST_FILE = Prueba1Tests/Info.plist;
				LD_RUNPATH_SEARCH_PATHS = "$(inherited) @executable_path/Frameworks @loader_path/Frameworks";
				PRODUCT_BUNDLE_IDENTIFIER = jeatienzar.Prueba1Tests;
				PRODUCT_NAME = "$(TARGET_NAME)";
				TEST_HOST = "$(BUILT_PRODUCTS_DIR)/Prueba1.app/Prueba1";
			};
			name = Debug;
		};
		89B3FE541BDFF05F005CA5FA /* Release */ = {
			isa = XCBuildConfiguration;
			buildSettings = {
				BUNDLE_LOADER = "$(TEST_HOST)";
				INFOPLIST_FILE = Prueba1Tests/Info.plist;
				LD_RUNPATH_SEARCH_PATHS = "$(inherited) @executable_path/Frameworks @loader_path/Frameworks";
				PRODUCT_BUNDLE_IDENTIFIER = jeatienzar.Prueba1Tests;
				PRODUCT_NAME = "$(TARGET_NAME)";
				TEST_HOST = "$(BUILT_PRODUCTS_DIR)/Prueba1.app/Prueba1";
			};
			name = Release;
		};
		89B3FE561BDFF05F005CA5FA /* Debug */ = {
			isa = XCBuildConfiguration;
			buildSettings = {
				INFOPLIST_FILE = Prueba1UITests/Info.plist;
				LD_RUNPATH_SEARCH_PATHS = "$(inherited) @executable_path/Frameworks @loader_path/Frameworks";
				PRODUCT_BUNDLE_IDENTIFIER = jeatienzar.Prueba1UITests;
				PRODUCT_NAME = "$(TARGET_NAME)";
				TEST_TARGET_NAME = Prueba1;
				USES_XCTRUNNER = YES;
			};
			name = Debug;
		};
		89B3FE571BDFF05F005CA5FA /* Release */ = {
			isa = XCBuildConfiguration;
			buildSettings = {
				INFOPLIST_FILE = Prueba1UITests/Info.plist;
				LD_RUNPATH_SEARCH_PATHS = "$(inherited) @executable_path/Frameworks @loader_path/Frameworks";
				PRODUCT_BUNDLE_IDENTIFIER = jeatienzar.Prueba1UITests;
				PRODUCT_NAME = "$(TARGET_NAME)";
				TEST_TARGET_NAME = Prueba1;
				USES_XCTRUNNER = YES;
			};
			name = Release;
		};
/* End XCBuildConfiguration section */

/* Begin XCConfigurationList section */
		89B3FE221BDFF05E005CA5FA /* Build configuration list for PBXProject "Prueba1" */ = {
			isa = XCConfigurationList;
			buildConfigurations = (
				89B3FE4D1BDFF05F005CA5FA /* Debug */,
				89B3FE4E1BDFF05F005CA5FA /* Release */,
			);
			defaultConfigurationIsVisible = 0;
			defaultConfigurationName = Release;
		};
		89B3FE4F1BDFF05F005CA5FA /* Build configuration list for PBXNativeTarget "Prueba1" */ = {
			isa = XCConfigurationList;
			buildConfigurations = (
				89B3FE501BDFF05F005CA5FA /* Debug */,
				89B3FE511BDFF05F005CA5FA /* Release */,
			);
			defaultConfigurationIsVisible = 0;
		};
		89B3FE521BDFF05F005CA5FA /* Build configuration list for PBXNativeTarget "Prueba1Tests" */ = {
			isa = XCConfigurationList;
			buildConfigurations = (
				89B3FE531BDFF05F005CA5FA /* Debug */,
				89B3FE541BDFF05F005CA5FA /* Release */,
			);
			defaultConfigurationIsVisible = 0;
		};
		89B3FE551BDFF05F005CA5FA /* Build configuration list for PBXNativeTarget "Prueba1UITests" */ = {
			isa = XCConfigurationList;
			buildConfigurations = (
				89B3FE561BDFF05F005CA5FA /* Debug */,
				89B3FE571BDFF05F005CA5FA /* Release */,
			);
			defaultConfigurationIsVisible = 0;
		};
/* End XCConfigurationList section */
	};
	rootObject = 89B3FE1F1BDFF05E005CA5FA /* Project object */;
}
